// !$*UTF8*$!
{
	archiveVersion = 1;
	classes = {
	};
	objectVersion = 50;
	objects = {

/* Begin PBXBuildFile section */
		831362E92078943C00B51B5D /* RandomUser.swift in Sources */ = {isa = PBXBuildFile; fileRef = 831362E82078943C00B51B5D /* RandomUser.swift */; };
		83C37A3B207823FD002F7C33 /* AppDelegate.swift in Sources */ = {isa = PBXBuildFile; fileRef = 83C37A3A207823FD002F7C33 /* AppDelegate.swift */; };
		83C37A3D207823FD002F7C33 /* ViewController.swift in Sources */ = {isa = PBXBuildFile; fileRef = 83C37A3C207823FD002F7C33 /* ViewController.swift */; };
		83C37A40207823FD002F7C33 /* Main.storyboard in Resources */ = {isa = PBXBuildFile; fileRef = 83C37A3E207823FD002F7C33 /* Main.storyboard */; };
		83C37A43207823FD002F7C33 /* IRRandomUser.xcdatamodeld in Sources */ = {isa = PBXBuildFile; fileRef = 83C37A41207823FD002F7C33 /* IRRandomUser.xcdatamodeld */; };
		83C37A45207823FF002F7C33 /* Assets.xcassets in Resources */ = {isa = PBXBuildFile; fileRef = 83C37A44207823FF002F7C33 /* Assets.xcassets */; };
		83C37A48207823FF002F7C33 /* LaunchScreen.storyboard in Resources */ = {isa = PBXBuildFile; fileRef = 83C37A46207823FF002F7C33 /* LaunchScreen.storyboard */; };
		83C37A53207823FF002F7C33 /* IRRandomUserTests.swift in Sources */ = {isa = PBXBuildFile; fileRef = 83C37A52207823FF002F7C33 /* IRRandomUserTests.swift */; };
		83C37A5E207823FF002F7C33 /* IRRandomUserUITests.swift in Sources */ = {isa = PBXBuildFile; fileRef = 83C37A5D207823FF002F7C33 /* IRRandomUserUITests.swift */; };
		83C37A6C20782EB9002F7C33 /* CustomCell.swift in Sources */ = {isa = PBXBuildFile; fileRef = 83C37A6B20782EB9002F7C33 /* CustomCell.swift */; };
		83C37A6E2078527C002F7C33 /* SettingsViewController.swift in Sources */ = {isa = PBXBuildFile; fileRef = 83C37A6D2078527C002F7C33 /* SettingsViewController.swift */; };
		83C37A7020785730002F7C33 /* UserDetailViewController.swift in Sources */ = {isa = PBXBuildFile; fileRef = 83C37A6F20785730002F7C33 /* UserDetailViewController.swift */; };
/* End PBXBuildFile section */

/* Begin PBXContainerItemProxy section */
		83C37A4F207823FF002F7C33 /* PBXContainerItemProxy */ = {
			isa = PBXContainerItemProxy;
			containerPortal = 83C37A2F207823FD002F7C33 /* Project object */;
			proxyType = 1;
			remoteGlobalIDString = 83C37A36207823FD002F7C33;
			remoteInfo = IRRandomUser;
		};
		83C37A5A207823FF002F7C33 /* PBXContainerItemProxy */ = {
			isa = PBXContainerItemProxy;
			containerPortal = 83C37A2F207823FD002F7C33 /* Project object */;
			proxyType = 1;
			remoteGlobalIDString = 83C37A36207823FD002F7C33;
			remoteInfo = IRRandomUser;
		};
/* End PBXContainerItemProxy section */

/* Begin PBXFileReference section */
		831362E82078943C00B51B5D /* RandomUser.swift */ = {isa = PBXFileReference; lastKnownFileType = sourcecode.swift; path = RandomUser.swift; sourceTree = "<group>"; };
		83C37A37207823FD002F7C33 /* IRRandomUser.app */ = {isa = PBXFileReference; explicitFileType = wrapper.application; includeInIndex = 0; path = IRRandomUser.app; sourceTree = BUILT_PRODUCTS_DIR; };
		83C37A3A207823FD002F7C33 /* AppDelegate.swift */ = {isa = PBXFileReference; lastKnownFileType = sourcecode.swift; path = AppDelegate.swift; sourceTree = "<group>"; };
		83C37A3C207823FD002F7C33 /* ViewController.swift */ = {isa = PBXFileReference; lastKnownFileType = sourcecode.swift; path = ViewController.swift; sourceTree = "<group>"; };
		83C37A3F207823FD002F7C33 /* Base */ = {isa = PBXFileReference; lastKnownFileType = file.storyboard; name = Base; path = Base.lproj/Main.storyboard; sourceTree = "<group>"; };
		83C37A42207823FD002F7C33 /* IRRandomUser.xcdatamodel */ = {isa = PBXFileReference; lastKnownFileType = wrapper.xcdatamodel; path = IRRandomUser.xcdatamodel; sourceTree = "<group>"; };
		83C37A44207823FF002F7C33 /* Assets.xcassets */ = {isa = PBXFileReference; lastKnownFileType = folder.assetcatalog; path = Assets.xcassets; sourceTree = "<group>"; };
		83C37A47207823FF002F7C33 /* Base */ = {isa = PBXFileReference; lastKnownFileType = file.storyboard; name = Base; path = Base.lproj/LaunchScreen.storyboard; sourceTree = "<group>"; };
		83C37A49207823FF002F7C33 /* Info.plist */ = {isa = PBXFileReference; lastKnownFileType = text.plist.xml; path = Info.plist; sourceTree = "<group>"; };
		83C37A4E207823FF002F7C33 /* IRRandomUserTests.xctest */ = {isa = PBXFileReference; explicitFileType = wrapper.cfbundle; includeInIndex = 0; path = IRRandomUserTests.xctest; sourceTree = BUILT_PRODUCTS_DIR; };
		83C37A52207823FF002F7C33 /* IRRandomUserTests.swift */ = {isa = PBXFileReference; lastKnownFileType = sourcecode.swift; path = IRRandomUserTests.swift; sourceTree = "<group>"; };
		83C37A54207823FF002F7C33 /* Info.plist */ = {isa = PBXFileReference; lastKnownFileType = text.plist.xml; path = Info.plist; sourceTree = "<group>"; };
		83C37A59207823FF002F7C33 /* IRRandomUserUITests.xctest */ = {isa = PBXFileReference; explicitFileType = wrapper.cfbundle; includeInIndex = 0; path = IRRandomUserUITests.xctest; sourceTree = BUILT_PRODUCTS_DIR; };
		83C37A5D207823FF002F7C33 /* IRRandomUserUITests.swift */ = {isa = PBXFileReference; lastKnownFileType = sourcecode.swift; path = IRRandomUserUITests.swift; sourceTree = "<group>"; };
		83C37A5F207823FF002F7C33 /* Info.plist */ = {isa = PBXFileReference; lastKnownFileType = text.plist.xml; path = Info.plist; sourceTree = "<group>"; };
		83C37A6B20782EB9002F7C33 /* CustomCell.swift */ = {isa = PBXFileReference; lastKnownFileType = sourcecode.swift; path = CustomCell.swift; sourceTree = "<group>"; };
		83C37A6D2078527C002F7C33 /* SettingsViewController.swift */ = {isa = PBXFileReference; lastKnownFileType = sourcecode.swift; path = SettingsViewController.swift; sourceTree = "<group>"; };
		83C37A6F20785730002F7C33 /* UserDetailViewController.swift */ = {isa = PBXFileReference; lastKnownFileType = sourcecode.swift; path = UserDetailViewController.swift; sourceTree = "<group>"; };
/* End PBXFileReference section */

/* Begin PBXFrameworksBuildPhase section */
		83C37A34207823FD002F7C33 /* Frameworks */ = {
			isa = PBXFrameworksBuildPhase;
			buildActionMask = 2147483647;
			files = (
			);
			runOnlyForDeploymentPostprocessing = 0;
		};
		83C37A4B207823FF002F7C33 /* Frameworks */ = {
			isa = PBXFrameworksBuildPhase;
			buildActionMask = 2147483647;
			files = (
			);
			runOnlyForDeploymentPostprocessing = 0;
		};
		83C37A56207823FF002F7C33 /* Frameworks */ = {
			isa = PBXFrameworksBuildPhase;
			buildActionMask = 2147483647;
			files = (
			);
			runOnlyForDeploymentPostprocessing = 0;
		};
/* End PBXFrameworksBuildPhase section */

/* Begin PBXGroup section */
		83C37A2E207823FD002F7C33 = {
			isa = PBXGroup;
			children = (
				83C37A39207823FD002F7C33 /* IRRandomUser */,
				83C37A51207823FF002F7C33 /* IRRandomUserTests */,
				83C37A5C207823FF002F7C33 /* IRRandomUserUITests */,
				83C37A38207823FD002F7C33 /* Products */,
			);
			sourceTree = "<group>";
		};
		83C37A38207823FD002F7C33 /* Products */ = {
			isa = PBXGroup;
			children = (
				83C37A37207823FD002F7C33 /* IRRandomUser.app */,
				83C37A4E207823FF002F7C33 /* IRRandomUserTests.xctest */,
				83C37A59207823FF002F7C33 /* IRRandomUserUITests.xctest */,
			);
			name = Products;
			sourceTree = "<group>";
		};
		83C37A39207823FD002F7C33 /* IRRandomUser */ = {
			isa = PBXGroup;
			children = (
				83C37A3A207823FD002F7C33 /* AppDelegate.swift */,
				83C37A3C207823FD002F7C33 /* ViewController.swift */,
				83C37A6B20782EB9002F7C33 /* CustomCell.swift */,
				83C37A6D2078527C002F7C33 /* SettingsViewController.swift */,
				83C37A3E207823FD002F7C33 /* Main.storyboard */,
				83C37A44207823FF002F7C33 /* Assets.xcassets */,
				83C37A46207823FF002F7C33 /* LaunchScreen.storyboard */,
				83C37A49207823FF002F7C33 /* Info.plist */,
				83C37A41207823FD002F7C33 /* IRRandomUser.xcdatamodeld */,
				83C37A6F20785730002F7C33 /* UserDetailViewController.swift */,
				831362E82078943C00B51B5D /* RandomUser.swift */,
			);
			path = IRRandomUser;
			sourceTree = "<group>";
		};
		83C37A51207823FF002F7C33 /* IRRandomUserTests */ = {
			isa = PBXGroup;
			children = (
				83C37A52207823FF002F7C33 /* IRRandomUserTests.swift */,
				83C37A54207823FF002F7C33 /* Info.plist */,
			);
			path = IRRandomUserTests;
			sourceTree = "<group>";
		};
		83C37A5C207823FF002F7C33 /* IRRandomUserUITests */ = {
			isa = PBXGroup;
			children = (
				83C37A5D207823FF002F7C33 /* IRRandomUserUITests.swift */,
				83C37A5F207823FF002F7C33 /* Info.plist */,
			);
			path = IRRandomUserUITests;
			sourceTree = "<group>";
		};
/* End PBXGroup section */

/* Begin PBXNativeTarget section */
		83C37A36207823FD002F7C33 /* IRRandomUser */ = {
			isa = PBXNativeTarget;
			buildConfigurationList = 83C37A62207823FF002F7C33 /* Build configuration list for PBXNativeTarget "IRRandomUser" */;
			buildPhases = (
				83C37A33207823FD002F7C33 /* Sources */,
				83C37A34207823FD002F7C33 /* Frameworks */,
				83C37A35207823FD002F7C33 /* Resources */,
			);
			buildRules = (
			);
			dependencies = (
			);
			name = IRRandomUser;
			productName = IRRandomUser;
			productReference = 83C37A37207823FD002F7C33 /* IRRandomUser.app */;
			productType = "com.apple.product-type.application";
		};
		83C37A4D207823FF002F7C33 /* IRRandomUserTests */ = {
			isa = PBXNativeTarget;
			buildConfigurationList = 83C37A65207823FF002F7C33 /* Build configuration list for PBXNativeTarget "IRRandomUserTests" */;
			buildPhases = (
				83C37A4A207823FF002F7C33 /* Sources */,
				83C37A4B207823FF002F7C33 /* Frameworks */,
				83C37A4C207823FF002F7C33 /* Resources */,
			);
			buildRules = (
			);
			dependencies = (
				83C37A50207823FF002F7C33 /* PBXTargetDependency */,
			);
			name = IRRandomUserTests;
			productName = IRRandomUserTests;
			productReference = 83C37A4E207823FF002F7C33 /* IRRandomUserTests.xctest */;
			productType = "com.apple.product-type.bundle.unit-test";
		};
		83C37A58207823FF002F7C33 /* IRRandomUserUITests */ = {
			isa = PBXNativeTarget;
			buildConfigurationList = 83C37A68207823FF002F7C33 /* Build configuration list for PBXNativeTarget "IRRandomUserUITests" */;
			buildPhases = (
				83C37A55207823FF002F7C33 /* Sources */,
				83C37A56207823FF002F7C33 /* Frameworks */,
				83C37A57207823FF002F7C33 /* Resources */,
			);
			buildRules = (
			);
			dependencies = (
				83C37A5B207823FF002F7C33 /* PBXTargetDependency */,
			);
			name = IRRandomUserUITests;
			productName = IRRandomUserUITests;
			productReference = 83C37A59207823FF002F7C33 /* IRRandomUserUITests.xctest */;
			productType = "com.apple.product-type.bundle.ui-testing";
		};
/* End PBXNativeTarget section */

/* Begin PBXProject section */
		83C37A2F207823FD002F7C33 /* Project object */ = {
			isa = PBXProject;
			attributes = {
				LastSwiftUpdateCheck = 0930;
				LastUpgradeCheck = 0930;
				ORGANIZATIONNAME = "Ihor Rudych";
				TargetAttributes = {
					83C37A36207823FD002F7C33 = {
						CreatedOnToolsVersion = 9.3;
					};
					83C37A4D207823FF002F7C33 = {
						CreatedOnToolsVersion = 9.3;
						TestTargetID = 83C37A36207823FD002F7C33;
					};
					83C37A58207823FF002F7C33 = {
						CreatedOnToolsVersion = 9.3;
						TestTargetID = 83C37A36207823FD002F7C33;
					};
				};
			};
			buildConfigurationList = 83C37A32207823FD002F7C33 /* Build configuration list for PBXProject "IRRandomUser" */;
			compatibilityVersion = "Xcode 9.3";
			developmentRegion = en;
			hasScannedForEncodings = 0;
			knownRegions = (
				en,
				Base,
			);
			mainGroup = 83C37A2E207823FD002F7C33;
			productRefGroup = 83C37A38207823FD002F7C33 /* Products */;
			projectDirPath = "";
			projectRoot = "";
			targets = (
				83C37A36207823FD002F7C33 /* IRRandomUser */,
				83C37A4D207823FF002F7C33 /* IRRandomUserTests */,
				83C37A58207823FF002F7C33 /* IRRandomUserUITests */,
			);
		};
/* End PBXProject section */

/* Begin PBXResourcesBuildPhase section */
		83C37A35207823FD002F7C33 /* Resources */ = {
			isa = PBXResourcesBuildPhase;
			buildActionMask = 2147483647;
			files = (
				83C37A48207823FF002F7C33 /* LaunchScreen.storyboard in Resources */,
				83C37A45207823FF002F7C33 /* Assets.xcassets in Resources */,
				83C37A40207823FD002F7C33 /* Main.storyboard in Resources */,
			);
			runOnlyForDeploymentPostprocessing = 0;
		};
		83C37A4C207823FF002F7C33 /* Resources */ = {
			isa = PBXResourcesBuildPhase;
			buildActionMask = 2147483647;
			files = (
			);
			runOnlyForDeploymentPostprocessing = 0;
		};
		83C37A57207823FF002F7C33 /* Resources */ = {
			isa = PBXResourcesBuildPhase;
			buildActionMask = 2147483647;
			files = (
			);
			runOnlyForDeploymentPostprocessing = 0;
		};
/* End PBXResourcesBuildPhase section */

/* Begin PBXSourcesBuildPhase section */
		83C37A33207823FD002F7C33 /* Sources */ = {
			isa = PBXSourcesBuildPhase;
			buildActionMask = 2147483647;
			files = (
				831362E92078943C00B51B5D /* RandomUser.swift in Sources */,
				83C37A3D207823FD002F7C33 /* ViewController.swift in Sources */,
				83C37A3B207823FD002F7C33 /* AppDelegate.swift in Sources */,
				83C37A7020785730002F7C33 /* UserDetailViewController.swift in Sources */,
				83C37A6C20782EB9002F7C33 /* CustomCell.swift in Sources */,
				83C37A6E2078527C002F7C33 /* SettingsViewController.swift in Sources */,
				83C37A43207823FD002F7C33 /* IRRandomUser.xcdatamodeld in Sources */,
			);
			runOnlyForDeploymentPostprocessing = 0;
		};
		83C37A4A207823FF002F7C33 /* Sources */ = {
			isa = PBXSourcesBuildPhase;
			buildActionMask = 2147483647;
			files = (
				83C37A53207823FF002F7C33 /* IRRandomUserTests.swift in Sources */,
			);
			runOnlyForDeploymentPostprocessing = 0;
		};
		83C37A55207823FF002F7C33 /* Sources */ = {
			isa = PBXSourcesBuildPhase;
			buildActionMask = 2147483647;
			files = (
				83C37A5E207823FF002F7C33 /* IRRandomUserUITests.swift in Sources */,
			);
			runOnlyForDeploymentPostprocessing = 0;
		};
/* End PBXSourcesBuildPhase section */

/* Begin PBXTargetDependency section */
		83C37A50207823FF002F7C33 /* PBXTargetDependency */ = {
			isa = PBXTargetDependency;
			target = 83C37A36207823FD002F7C33 /* IRRandomUser */;
			targetProxy = 83C37A4F207823FF002F7C33 /* PBXContainerItemProxy */;
		};
		83C37A5B207823FF002F7C33 /* PBXTargetDependency */ = {
			isa = PBXTargetDependency;
			target = 83C37A36207823FD002F7C33 /* IRRandomUser */;
			targetProxy = 83C37A5A207823FF002F7C33 /* PBXContainerItemProxy */;
		};
/* End PBXTargetDependency section */

/* Begin PBXVariantGroup section */
		83C37A3E207823FD002F7C33 /* Main.storyboard */ = {
			isa = PBXVariantGroup;
			children = (
				83C37A3F207823FD002F7C33 /* Base */,
			);
			name = Main.storyboard;
			sourceTree = "<group>";
		};
		83C37A46207823FF002F7C33 /* LaunchScreen.storyboard */ = {
			isa = PBXVariantGroup;
			children = (
				83C37A47207823FF002F7C33 /* Base */,
			);
			name = LaunchScreen.storyboard;
			sourceTree = "<group>";
		};
/* End PBXVariantGroup section */

/* Begin XCBuildConfiguration section */
		83C37A60207823FF002F7C33 /* Debug */ = {
			isa = XCBuildConfiguration;
			buildSettings = {
				ALWAYS_SEARCH_USER_PATHS = NO;
				CLANG_ANALYZER_NONNULL = YES;
				CLANG_ANALYZER_NUMBER_OBJECT_CONVERSION = YES_AGGRESSIVE;
				CLANG_CXX_LANGUAGE_STANDARD = "gnu++14";
				CLANG_CXX_LIBRARY = "libc++";
				CLANG_ENABLE_MODULES = YES;
				CLANG_ENABLE_OBJC_ARC = YES;
				CLANG_ENABLE_OBJC_WEAK = YES;
				CLANG_WARN_BLOCK_CAPTURE_AUTORELEASING = YES;
				CLANG_WARN_BOOL_CONVERSION = YES;
				CLANG_WARN_COMMA = YES;
				CLANG_WARN_CONSTANT_CONVERSION = YES;
				CLANG_WARN_DEPRECATED_OBJC_IMPLEMENTATIONS = YES;
				CLANG_WARN_DIRECT_OBJC_ISA_USAGE = YES_ERROR;
				CLANG_WARN_DOCUMENTATION_COMMENTS = YES;
				CLANG_WARN_EMPTY_BODY = YES;
				CLANG_WARN_ENUM_CONVERSION = YES;
				CLANG_WARN_INFINITE_RECURSION = YES;
				CLANG_WARN_INT_CONVERSION = YES;
				CLANG_WARN_NON_LITERAL_NULL_CONVERSION = YES;
				CLANG_WARN_OBJC_IMPLICIT_RETAIN_SELF = YES;
				CLANG_WARN_OBJC_LITERAL_CONVERSION = YES;
				CLANG_WARN_OBJC_ROOT_CLASS = YES_ERROR;
				CLANG_WARN_RANGE_LOOP_ANALYSIS = YES;
				CLANG_WARN_STRICT_PROTOTYPES = YES;
				CLANG_WARN_SUSPICIOUS_MOVE = YES;
				CLANG_WARN_UNGUARDED_AVAILABILITY = YES_AGGRESSIVE;
				CLANG_WARN_UNREACHABLE_CODE = YES;
				CLANG_WARN__DUPLICATE_METHOD_MATCH = YES;
				CODE_SIGN_IDENTITY = "iPhone Developer";
				COPY_PHASE_STRIP = NO;
				DEBUG_INFORMATION_FORMAT = dwarf;
				ENABLE_STRICT_OBJC_MSGSEND = YES;
				ENABLE_TESTABILITY = YES;
				GCC_C_LANGUAGE_STANDARD = gnu11;
				GCC_DYNAMIC_NO_PIC = NO;
				GCC_NO_COMMON_BLOCKS = YES;
				GCC_OPTIMIZATION_LEVEL = 0;
				GCC_PREPROCESSOR_DEFINITIONS = (
					"DEBUG=1",
					"$(inherited)",
				);
				GCC_WARN_64_TO_32_BIT_CONVERSION = YES;
				GCC_WARN_ABOUT_RETURN_TYPE = YES_ERROR;
				GCC_WARN_UNDECLARED_SELECTOR = YES;
				GCC_WARN_UNINITIALIZED_AUTOS = YES_AGGRESSIVE;
				GCC_WARN_UNUSED_FUNCTION = YES;
				GCC_WARN_UNUSED_VARIABLE = YES;
				IPHONEOS_DEPLOYMENT_TARGET = 11.3;
				MTL_ENABLE_DEBUG_INFO = YES;
				ONLY_ACTIVE_ARCH = YES;
				SDKROOT = iphoneos;
				SWIFT_ACTIVE_COMPILATION_CONDITIONS = DEBUG;
				SWIFT_OPTIMIZATION_LEVEL = "-Onone";
			};
			name = Debug;
		};
		83C37A61207823FF002F7C33 /* Release */ = {
			isa = XCBuildConfiguration;
			buildSettings = {
				ALWAYS_SEARCH_USER_PATHS = NO;
				CLANG_ANALYZER_NONNULL = YES;
				CLANG_ANALYZER_NUMBER_OBJECT_CONVERSION = YES_AGGRESSIVE;
				CLANG_CXX_LANGUAGE_STANDARD = "gnu++14";
				CLANG_CXX_LIBRARY = "libc++";
				CLANG_ENABLE_MODULES = YES;
				CLANG_ENABLE_OBJC_ARC = YES;
				CLANG_ENABLE_OBJC_WEAK = YES;
				CLANG_WARN_BLOCK_CAPTURE_AUTORELEASING = YES;
				CLANG_WARN_BOOL_CONVERSION = YES;
				CLANG_WARN_COMMA = YES;
				CLANG_WARN_CONSTANT_CONVERSION = YES;
				CLANG_WARN_DEPRECATED_OBJC_IMPLEMENTATIONS = YES;
				CLANG_WARN_DIRECT_OBJC_ISA_USAGE = YES_ERROR;
				CLANG_WARN_DOCUMENTATION_COMMENTS = YES;
				CLANG_WARN_EMPTY_BODY = YES;
				CLANG_WARN_ENUM_CONVERSION = YES;
				CLANG_WARN_INFINITE_RECURSION = YES;
				CLANG_WARN_INT_CONVERSION = YES;
				CLANG_WARN_NON_LITERAL_NULL_CONVERSION = YES;
				CLANG_WARN_OBJC_IMPLICIT_RETAIN_SELF = YES;
				CLANG_WARN_OBJC_LITERAL_CONVERSION = YES;
				CLANG_WARN_OBJC_ROOT_CLASS = YES_ERROR;
				CLANG_WARN_RANGE_LOOP_ANALYSIS = YES;
				CLANG_WARN_STRICT_PROTOTYPES = YES;
				CLANG_WARN_SUSPICIOUS_MOVE = YES;
				CLANG_WARN_UNGUARDED_AVAILABILITY = YES_AGGRESSIVE;
				CLANG_WARN_UNREACHABLE_CODE = YES;
				CLANG_WARN__DUPLICATE_METHOD_MATCH = YES;
				CODE_SIGN_IDENTITY = "iPhone Developer";
				COPY_PHASE_STRIP = NO;
				DEBUG_INFORMATION_FORMAT = "dwarf-with-dsym";
				ENABLE_NS_ASSERTIONS = NO;
				ENABLE_STRICT_OBJC_MSGSEND = YES;
				GCC_C_LANGUAGE_STANDARD = gnu11;
				GCC_NO_COMMON_BLOCKS = YES;
				GCC_WARN_64_TO_32_BIT_CONVERSION = YES;
				GCC_WARN_ABOUT_RETURN_TYPE = YES_ERROR;
				GCC_WARN_UNDECLARED_SELECTOR = YES;
				GCC_WARN_UNINITIALIZED_AUTOS = YES_AGGRESSIVE;
				GCC_WARN_UNUSED_FUNCTION = YES;
				GCC_WARN_UNUSED_VARIABLE = YES;
				IPHONEOS_DEPLOYMENT_TARGET = 11.3;
				MTL_ENABLE_DEBUG_INFO = NO;
				SDKROOT = iphoneos;
				SWIFT_COMPILATION_MODE = wholemodule;
				SWIFT_OPTIMIZATION_LEVEL = "-O";
				VALIDATE_PRODUCT = YES;
			};
			name = Release;
		};
		83C37A63207823FF002F7C33 /* Debug */ = {
			isa = XCBuildConfiguration;
			buildSettings = {
				ASSETCATALOG_COMPILER_APPICON_NAME = AppIcon;
				CODE_SIGN_STYLE = Automatic;
				DEVELOPMENT_TEAM = P6J58KJAP4;
				INFOPLIST_FILE = IRRandomUser/Info.plist;
				LD_RUNPATH_SEARCH_PATHS = (
					"$(inherited)",
					"@executable_path/Frameworks",
				);
				PRODUCT_BUNDLE_IDENTIFIER = com.coristic.IRRandomUser;
				PRODUCT_NAME = "$(TARGET_NAME)";
				SWIFT_VERSION = 4.0;
				TARGETED_DEVICE_FAMILY = "1,2";
			};
			name = Debug;
		};
		83C37A64207823FF002F7C33 /* Release */ = {
			isa = XCBuildConfiguration;
			buildSettings = {
				ASSETCATALOG_COMPILER_APPICON_NAME = AppIcon;
				CODE_SIGN_STYLE = Automatic;
				DEVELOPMENT_TEAM = P6J58KJAP4;
				INFOPLIST_FILE = IRRandomUser/Info.plist;
				LD_RUNPATH_SEARCH_PATHS = (
					"$(inherited)",
					"@executable_path/Frameworks",
				);
				PRODUCT_BUNDLE_IDENTIFIER = com.coristic.IRRandomUser;
				PRODUCT_NAME = "$(TARGET_NAME)";
				SWIFT_VERSION = 4.0;
				TARGETED_DEVICE_FAMILY = "1,2";
			};
			name = Release;
		};
		83C37A66207823FF002F7C33 /* Debug */ = {
			isa = XCBuildConfiguration;
			buildSettings = {
				ALWAYS_EMBED_SWIFT_STANDARD_LIBRARIES = YES;
				BUNDLE_LOADER = "$(TEST_HOST)";
				CODE_SIGN_STYLE = Automatic;
				DEVELOPMENT_TEAM = P6J58KJAP4;
				INFOPLIST_FILE = IRRandomUserTests/Info.plist;
				LD_RUNPATH_SEARCH_PATHS = (
					"$(inherited)",
					"@executable_path/Frameworks",
					"@loader_path/Frameworks",
				);
				PRODUCT_BUNDLE_IDENTIFIER = com.coristic.IRRandomUserTests;
				PRODUCT_NAME = "$(TARGET_NAME)";
				SWIFT_VERSION = 4.0;
				TARGETED_DEVICE_FAMILY = "1,2";
				TEST_HOST = "$(BUILT_PRODUCTS_DIR)/IRRandomUser.app/IRRandomUser";
			};
			name = Debug;
		};
		83C37A67207823FF002F7C33 /* Release */ = {
			isa = XCBuildConfiguration;
			buildSettings = {
				ALWAYS_EMBED_SWIFT_STANDARD_LIBRARIES = YES;
				BUNDLE_LOADER = "$(TEST_HOST)";
				CODE_SIGN_STYLE = Automatic;
				DEVELOPMENT_TEAM = P6J58KJAP4;
				INFOPLIST_FILE = IRRandomUserTests/Info.plist;
				LD_RUNPATH_SEARCH_PATHS = (
					"$(inherited)",
					"@executable_path/Frameworks",
					"@loader_path/Frameworks",
				);
				PRODUCT_BUNDLE_IDENTIFIER = com.coristic.IRRandomUserTests;
				PRODUCT_NAME = "$(TARGET_NAME)";
				SWIFT_VERSION = 4.0;
				TARGETED_DEVICE_FAMILY = "1,2";
				TEST_HOST = "$(BUILT_PRODUCTS_DIR)/IRRandomUser.app/IRRandomUser";
			};
			name = Release;
		};
		83C37A69207823FF002F7C33 /* Debug */ = {
			isa = XCBuildConfiguration;
			buildSettings = {
				ALWAYS_EMBED_SWIFT_STANDARD_LIBRARIES = YES;
				CODE_SIGN_STYLE = Automatic;
				DEVELOPMENT_TEAM = P6J58KJAP4;
				INFOPLIST_FILE = IRRandomUserUITests/Info.plist;
				LD_RUNPATH_SEARCH_PATHS = (
					"$(inherited)",
					"@executable_path/Frameworks",
					"@loader_path/Frameworks",
				);
				PRODUCT_BUNDLE_IDENTIFIER = com.coristic.IRRandomUserUITests;
				PRODUCT_NAME = "$(TARGET_NAME)";
				SWIFT_VERSION = 4.0;
				TARGETED_DEVICE_FAMILY = "1,2";
				TEST_TARGET_NAME = IRRandomUser;
			};
			name = Debug;
		};
		83C37A6A207823FF002F7C33 /* Release */ = {
			isa = XCBuildConfiguration;
			buildSettings = {
				ALWAYS_EMBED_SWIFT_STANDARD_LIBRARIES = YES;
				CODE_SIGN_STYLE = Automatic;
				DEVELOPMENT_TEAM = P6J58KJAP4;
				INFOPLIST_FILE = IRRandomUserUITests/Info.plist;
				LD_RUNPATH_SEARCH_PATHS = (
					"$(inherited)",
					"@executable_path/Frameworks",
					"@loader_path/Frameworks",
				);
				PRODUCT_BUNDLE_IDENTIFIER = com.coristic.IRRandomUserUITests;
				PRODUCT_NAME = "$(TARGET_NAME)";
				SWIFT_VERSION = 4.0;
				TARGETED_DEVICE_FAMILY = "1,2";
				TEST_TARGET_NAME = IRRandomUser;
			};
			name = Release;
		};
/* End XCBuildConfiguration section */

/* Begin XCConfigurationList section */
		83C37A32207823FD002F7C33 /* Build configuration list for PBXProject "IRRandomUser" */ = {
			isa = XCConfigurationList;
			buildConfigurations = (
				83C37A60207823FF002F7C33 /* Debug */,
				83C37A61207823FF002F7C33 /* Release */,
			);
			defaultConfigurationIsVisible = 0;
			defaultConfigurationName = Release;
		};
		83C37A62207823FF002F7C33 /* Build configuration list for PBXNativeTarget "IRRandomUser" */ = {
			isa = XCConfigurationList;
			buildConfigurations = (
				83C37A63207823FF002F7C33 /* Debug */,
				83C37A64207823FF002F7C33 /* Release */,
			);
			defaultConfigurationIsVisible = 0;
			defaultConfigurationName = Release;
		};
		83C37A65207823FF002F7C33 /* Build configuration list for PBXNativeTarget "IRRandomUserTests" */ = {
			isa = XCConfigurationList;
			buildConfigurations = (
				83C37A66207823FF002F7C33 /* Debug */,
				83C37A67207823FF002F7C33 /* Release */,
			);
			defaultConfigurationIsVisible = 0;
			defaultConfigurationName = Release;
		};
		83C37A68207823FF002F7C33 /* Build configuration list for PBXNativeTarget "IRRandomUserUITests" */ = {
			isa = XCConfigurationList;
			buildConfigurations = (
				83C37A69207823FF002F7C33 /* Debug */,
				83C37A6A207823FF002F7C33 /* Release */,
			);
			defaultConfigurationIsVisible = 0;
			defaultConfigurationName = Release;
		};
/* End XCConfigurationList section */

/* Begin XCVersionGroup section */
		83C37A41207823FD002F7C33 /* IRRandomUser.xcdatamodeld */ = {
			isa = XCVersionGroup;
			children = (
				83C37A42207823FD002F7C33 /* IRRandomUser.xcdatamodel */,
			);
			currentVersion = 83C37A42207823FD002F7C33 /* IRRandomUser.xcdatamodel */;
			path = IRRandomUser.xcdatamodeld;
			sourceTree = "<group>";
			versionGroupType = wrapper.xcdatamodel;
		};
/* End XCVersionGroup section */
	};
	rootObject = 83C37A2F207823FD002F7C33 /* Project object */;
}
